
Microsoft Visual Studio Solution File, Format Version 12.00
# Visual Studio Version 16
VisualStudioVersion = 16.0.31025.194
MinimumVisualStudioVersion = 10.0.40219.1
Project("{FAE04EC0-301F-11D3-BF4B-00C04F79EFBC}") = "Nordic.Taxes", "Nordic.Taxes.csproj", "{C6372C79-8E58-408E-A72D-E2051713AFFB}"
EndProject
Global
	GlobalSection(SolutionConfigurationPlatforms) = preSolution
		Debug|Any CPU = Debug|Any CPU
		Release|Any CPU = Release|Any CPU
	EndGlobalSection
	GlobalSection(ProjectConfigurationPlatforms) = postSolution
		{C6372C79-8E58-408E-A72D-E2051713AFFB}.Debug|Any CPU.ActiveCfg = Debug|Any CPU
		{C6372C79-8E58-408E-A72D-E2051713AFFB}.Debug|Any CPU.Build.0 = Debug|Any CPU
		{C6372C79-8E58-408E-A72D-E2051713AFFB}.Release|Any CPU.ActiveCfg = Release|Any CPU
		{C6372C79-8E58-408E-A72D-E2051713AFFB}.Release|Any CPU.Build.0 = Release|Any CPU
	EndGlobalSection
	GlobalSection(SolutionProperties) = preSolution
		HideSolutionNode = FALSE
	EndGlobalSection
	GlobalSection(ExtensibilityGlobals) = postSolution
		SolutionGuid = {FEF9551E-80D5-4B5E-BBF7-86C4B1CFA21A}
	EndGlobalSection
EndGlobal
