
Microsoft Visual Studio Solution File, Format Version 12.00
# Visual Studio Version 16
VisualStudioVersion = 16.0.31025.194
MinimumVisualStudioVersion = 10.0.40219.1
Project("{9A19103F-16F7-4668-BE54-9A1E7A4F7556}") = "Nordic.Taxes", "Nordic.Taxes\Nordic.Taxes.csproj", "{48700936-8E1E-4936-8058-490BD5CFDEB4}"
EndProject
Global
	GlobalSection(SolutionConfigurationPlatforms) = preSolution
		Debug|Any CPU = Debug|Any CPU
		Release|Any CPU = Release|Any CPU
	EndGlobalSection
	GlobalSection(ProjectConfigurationPlatforms) = postSolution
		{48700936-8E1E-4936-8058-490BD5CFDEB4}.Debug|Any CPU.ActiveCfg = Debug|Any CPU
		{48700936-8E1E-4936-8058-490BD5CFDEB4}.Debug|Any CPU.Build.0 = Debug|Any CPU
		{48700936-8E1E-4936-8058-490BD5CFDEB4}.Release|Any CPU.ActiveCfg = Release|Any CPU
		{48700936-8E1E-4936-8058-490BD5CFDEB4}.Release|Any CPU.Build.0 = Release|Any CPU
	EndGlobalSection
	GlobalSection(SolutionProperties) = preSolution
		HideSolutionNode = FALSE
	EndGlobalSection
	GlobalSection(ExtensibilityGlobals) = postSolution
		SolutionGuid = {FEF9551E-80D5-4B5E-BBF7-86C4B1CFA21A}
	EndGlobalSection
EndGlobal
